
Microsoft Visual Studio Solution File, Format Version 12.00
# Visual Studio 15
VisualStudioVersion = 15.0.28307.329
MinimumVisualStudioVersion = 10.0.40219.1
Project("{9A19103F-16F7-4668-BE54-9A1E7A4F7556}") = "BicycleBuyingGuide.Api", "BicycleBuyingGuide.Api\BicycleBuyingGuide.Api.csproj", "{DC1D8E20-31FC-440B-B77A-CCA68B68F472}"
EndProject
Project("{9A19103F-16F7-4668-BE54-9A1E7A4F7556}") = "DataAccess", "DataAccess\DataAccess.csproj", "{D9BBC21E-E202-43AB-90FA-34654A7A5903}"
EndProject
Project("{9A19103F-16F7-4668-BE54-9A1E7A4F7556}") = "DomainModels", "DomainModels\DomainModels.csproj", "{4FD7176C-625A-4F9F-8C24-CF84FD40553E}"
EndProject
Project("{9A19103F-16F7-4668-BE54-9A1E7A4F7556}") = "BusinessLayer", "Services\BusinessLayer.csproj", "{3E134D0E-038B-45FE-B143-0132963E4BC6}"
EndProject
Project("{FAE04EC0-301F-11D3-BF4B-00C04F79EFBC}") = "Models", "Models\Models.csproj", "{DC37C3EE-3909-4957-BEF2-7A27F4DBF9BD}"
EndProject
Global
	GlobalSection(SolutionConfigurationPlatforms) = preSolution
		Debug|Any CPU = Debug|Any CPU
		Release|Any CPU = Release|Any CPU
	EndGlobalSection
	GlobalSection(ProjectConfigurationPlatforms) = postSolution
		{DC1D8E20-31FC-440B-B77A-CCA68B68F472}.Debug|Any CPU.ActiveCfg = Debug|Any CPU
		{DC1D8E20-31FC-440B-B77A-CCA68B68F472}.Debug|Any CPU.Build.0 = Debug|Any CPU
		{DC1D8E20-31FC-440B-B77A-CCA68B68F472}.Release|Any CPU.ActiveCfg = Release|Any CPU
		{DC1D8E20-31FC-440B-B77A-CCA68B68F472}.Release|Any CPU.Build.0 = Release|Any CPU
		{D9BBC21E-E202-43AB-90FA-34654A7A5903}.Debug|Any CPU.ActiveCfg = Debug|Any CPU
		{D9BBC21E-E202-43AB-90FA-34654A7A5903}.Debug|Any CPU.Build.0 = Debug|Any CPU
		{D9BBC21E-E202-43AB-90FA-34654A7A5903}.Release|Any CPU.ActiveCfg = Release|Any CPU
		{D9BBC21E-E202-43AB-90FA-34654A7A5903}.Release|Any CPU.Build.0 = Release|Any CPU
		{4FD7176C-625A-4F9F-8C24-CF84FD40553E}.Debug|Any CPU.ActiveCfg = Debug|Any CPU
		{4FD7176C-625A-4F9F-8C24-CF84FD40553E}.Debug|Any CPU.Build.0 = Debug|Any CPU
		{4FD7176C-625A-4F9F-8C24-CF84FD40553E}.Release|Any CPU.ActiveCfg = Release|Any CPU
		{4FD7176C-625A-4F9F-8C24-CF84FD40553E}.Release|Any CPU.Build.0 = Release|Any CPU
		{3E134D0E-038B-45FE-B143-0132963E4BC6}.Debug|Any CPU.ActiveCfg = Debug|Any CPU
		{3E134D0E-038B-45FE-B143-0132963E4BC6}.Debug|Any CPU.Build.0 = Debug|Any CPU
		{3E134D0E-038B-45FE-B143-0132963E4BC6}.Release|Any CPU.ActiveCfg = Release|Any CPU
		{3E134D0E-038B-45FE-B143-0132963E4BC6}.Release|Any CPU.Build.0 = Release|Any CPU
		{DC37C3EE-3909-4957-BEF2-7A27F4DBF9BD}.Debug|Any CPU.ActiveCfg = Debug|Any CPU
		{DC37C3EE-3909-4957-BEF2-7A27F4DBF9BD}.Debug|Any CPU.Build.0 = Debug|Any CPU
		{DC37C3EE-3909-4957-BEF2-7A27F4DBF9BD}.Release|Any CPU.ActiveCfg = Release|Any CPU
		{DC37C3EE-3909-4957-BEF2-7A27F4DBF9BD}.Release|Any CPU.Build.0 = Release|Any CPU
	EndGlobalSection
	GlobalSection(SolutionProperties) = preSolution
		HideSolutionNode = FALSE
	EndGlobalSection
	GlobalSection(ExtensibilityGlobals) = postSolution
		SolutionGuid = {03D7A403-05C6-4508-9E15-B0E4BC5824AD}
	EndGlobalSection
EndGlobal
